
Microsoft Visual Studio Solution File, Format Version 12.00
# Visual Studio Version 17
VisualStudioVersion = 17.3.32929.385
MinimumVisualStudioVersion = 10.0.40219.1
Project("{9A19103F-16F7-4668-BE54-9A1E7A4F7556}") = "Listener", "Listener\Listener.csproj", "{2ED3AA1E-D465-497C-B876-3CC887098EB8}"
EndProject
Project("{9A19103F-16F7-4668-BE54-9A1E7A4F7556}") = "Client", "Client\Client.csproj", "{1D6BFCFB-FE14-4451-86AE-53D713F55849}"
EndProject
Project("{9A19103F-16F7-4668-BE54-9A1E7A4F7556}") = "TCP.Sender", "TCP.Sender\TCP.Sender.csproj", "{17455FC6-12E4-4558-9F90-E4BFDD76232D}"
EndProject
Project("{9A19103F-16F7-4668-BE54-9A1E7A4F7556}") = "TCP.Receiver", "TCP.Receiver\TCP.Receiver.csproj", "{15490B5D-1A64-478F-9FD1-0B09E99B6EA4}"
EndProject
Project("{9A19103F-16F7-4668-BE54-9A1E7A4F7556}") = "GCP.Sender", "GCP.Sender\GCP.Sender.csproj", "{9AB46F30-1A61-4D71-8D2E-9441A634E08F}"
EndProject
Project("{9A19103F-16F7-4668-BE54-9A1E7A4F7556}") = "GCP.Receiver", "GCP.Receiver\GCP.Receiver.csproj", "{C21BEE8F-7C5C-4715-87EE-D19520C1C324}"
EndProject
Project("{2150E333-8FDC-42A3-9474-1A3956D46DE8}") = "SignalR", "SignalR", "{8A166341-8CD3-4796-ABBF-CDB9EC60ADC0}"
EndProject
Project("{2150E333-8FDC-42A3-9474-1A3956D46DE8}") = "GCP", "GCP", "{8D264110-1B04-43F0-8CEC-872D2EC4462E}"
EndProject
Project("{2150E333-8FDC-42A3-9474-1A3956D46DE8}") = "TCP", "TCP", "{E7939053-FDD4-444D-8F23-7761B70C27F0}"
EndProject
Project("{2150E333-8FDC-42A3-9474-1A3956D46DE8}") = "Socket", "Socket", "{A52A7132-F258-4795-B83A-EE1E1F319F94}"
EndProject
Project("{9A19103F-16F7-4668-BE54-9A1E7A4F7556}") = "SignalR.Hub", "SignalR.Hub\SignalR.Hub.csproj", "{0034444D-98E2-41AF-BFEA-2046B3ABA86C}"
EndProject
Project("{9A19103F-16F7-4668-BE54-9A1E7A4F7556}") = "SignalR.Receiver", "SignalR.Client\SignalR.Receiver.csproj", "{B532263C-6C4C-4EA8-8C17-73D74E1B326A}"
EndProject
Project("{FAE04EC0-301F-11D3-BF4B-00C04F79EFBC}") = "SignalR.Sender", "SignalR.Sender\SignalR.Sender.csproj", "{189A070E-2F62-4D5A-B75B-9C2CC9961389}"
EndProject
Global
	GlobalSection(SolutionConfigurationPlatforms) = preSolution
		Debug|Any CPU = Debug|Any CPU
		Release|Any CPU = Release|Any CPU
	EndGlobalSection
	GlobalSection(ProjectConfigurationPlatforms) = postSolution
		{2ED3AA1E-D465-497C-B876-3CC887098EB8}.Debug|Any CPU.ActiveCfg = Debug|Any CPU
		{2ED3AA1E-D465-497C-B876-3CC887098EB8}.Debug|Any CPU.Build.0 = Debug|Any CPU
		{2ED3AA1E-D465-497C-B876-3CC887098EB8}.Release|Any CPU.ActiveCfg = Release|Any CPU
		{2ED3AA1E-D465-497C-B876-3CC887098EB8}.Release|Any CPU.Build.0 = Release|Any CPU
		{1D6BFCFB-FE14-4451-86AE-53D713F55849}.Debug|Any CPU.ActiveCfg = Debug|Any CPU
		{1D6BFCFB-FE14-4451-86AE-53D713F55849}.Debug|Any CPU.Build.0 = Debug|Any CPU
		{1D6BFCFB-FE14-4451-86AE-53D713F55849}.Release|Any CPU.ActiveCfg = Release|Any CPU
		{1D6BFCFB-FE14-4451-86AE-53D713F55849}.Release|Any CPU.Build.0 = Release|Any CPU
		{17455FC6-12E4-4558-9F90-E4BFDD76232D}.Debug|Any CPU.ActiveCfg = Debug|Any CPU
		{17455FC6-12E4-4558-9F90-E4BFDD76232D}.Debug|Any CPU.Build.0 = Debug|Any CPU
		{17455FC6-12E4-4558-9F90-E4BFDD76232D}.Release|Any CPU.ActiveCfg = Release|Any CPU
		{17455FC6-12E4-4558-9F90-E4BFDD76232D}.Release|Any CPU.Build.0 = Release|Any CPU
		{15490B5D-1A64-478F-9FD1-0B09E99B6EA4}.Debug|Any CPU.ActiveCfg = Debug|Any CPU
		{15490B5D-1A64-478F-9FD1-0B09E99B6EA4}.Debug|Any CPU.Build.0 = Debug|Any CPU
		{15490B5D-1A64-478F-9FD1-0B09E99B6EA4}.Release|Any CPU.ActiveCfg = Release|Any CPU
		{15490B5D-1A64-478F-9FD1-0B09E99B6EA4}.Release|Any CPU.Build.0 = Release|Any CPU
		{9AB46F30-1A61-4D71-8D2E-9441A634E08F}.Debug|Any CPU.ActiveCfg = Debug|Any CPU
		{9AB46F30-1A61-4D71-8D2E-9441A634E08F}.Debug|Any CPU.Build.0 = Debug|Any CPU
		{9AB46F30-1A61-4D71-8D2E-9441A634E08F}.Release|Any CPU.ActiveCfg = Release|Any CPU
		{9AB46F30-1A61-4D71-8D2E-9441A634E08F}.Release|Any CPU.Build.0 = Release|Any CPU
		{C21BEE8F-7C5C-4715-87EE-D19520C1C324}.Debug|Any CPU.ActiveCfg = Debug|Any CPU
		{C21BEE8F-7C5C-4715-87EE-D19520C1C324}.Debug|Any CPU.Build.0 = Debug|Any CPU
		{C21BEE8F-7C5C-4715-87EE-D19520C1C324}.Release|Any CPU.ActiveCfg = Release|Any CPU
		{C21BEE8F-7C5C-4715-87EE-D19520C1C324}.Release|Any CPU.Build.0 = Release|Any CPU
		{0034444D-98E2-41AF-BFEA-2046B3ABA86C}.Debug|Any CPU.ActiveCfg = Debug|Any CPU
		{0034444D-98E2-41AF-BFEA-2046B3ABA86C}.Debug|Any CPU.Build.0 = Debug|Any CPU
		{0034444D-98E2-41AF-BFEA-2046B3ABA86C}.Release|Any CPU.ActiveCfg = Release|Any CPU
		{0034444D-98E2-41AF-BFEA-2046B3ABA86C}.Release|Any CPU.Build.0 = Release|Any CPU
		{B532263C-6C4C-4EA8-8C17-73D74E1B326A}.Debug|Any CPU.ActiveCfg = Debug|Any CPU
		{B532263C-6C4C-4EA8-8C17-73D74E1B326A}.Debug|Any CPU.Build.0 = Debug|Any CPU
		{B532263C-6C4C-4EA8-8C17-73D74E1B326A}.Release|Any CPU.ActiveCfg = Release|Any CPU
		{B532263C-6C4C-4EA8-8C17-73D74E1B326A}.Release|Any CPU.Build.0 = Release|Any CPU
		{189A070E-2F62-4D5A-B75B-9C2CC9961389}.Debug|Any CPU.ActiveCfg = Debug|Any CPU
		{189A070E-2F62-4D5A-B75B-9C2CC9961389}.Debug|Any CPU.Build.0 = Debug|Any CPU
		{189A070E-2F62-4D5A-B75B-9C2CC9961389}.Release|Any CPU.ActiveCfg = Release|Any CPU
		{189A070E-2F62-4D5A-B75B-9C2CC9961389}.Release|Any CPU.Build.0 = Release|Any CPU
	EndGlobalSection
	GlobalSection(SolutionProperties) = preSolution
		HideSolutionNode = FALSE
	EndGlobalSection
	GlobalSection(NestedProjects) = preSolution
		{2ED3AA1E-D465-497C-B876-3CC887098EB8} = {A52A7132-F258-4795-B83A-EE1E1F319F94}
		{1D6BFCFB-FE14-4451-86AE-53D713F55849} = {A52A7132-F258-4795-B83A-EE1E1F319F94}
		{17455FC6-12E4-4558-9F90-E4BFDD76232D} = {E7939053-FDD4-444D-8F23-7761B70C27F0}
		{15490B5D-1A64-478F-9FD1-0B09E99B6EA4} = {E7939053-FDD4-444D-8F23-7761B70C27F0}
		{9AB46F30-1A61-4D71-8D2E-9441A634E08F} = {8D264110-1B04-43F0-8CEC-872D2EC4462E}
		{C21BEE8F-7C5C-4715-87EE-D19520C1C324} = {8D264110-1B04-43F0-8CEC-872D2EC4462E}
		{0034444D-98E2-41AF-BFEA-2046B3ABA86C} = {8A166341-8CD3-4796-ABBF-CDB9EC60ADC0}
		{B532263C-6C4C-4EA8-8C17-73D74E1B326A} = {8A166341-8CD3-4796-ABBF-CDB9EC60ADC0}
		{189A070E-2F62-4D5A-B75B-9C2CC9961389} = {8A166341-8CD3-4796-ABBF-CDB9EC60ADC0}
	EndGlobalSection
	GlobalSection(ExtensibilityGlobals) = postSolution
		SolutionGuid = {8A2D678E-2D7B-4A59-8956-CB94A1704FBC}
	EndGlobalSection
EndGlobal
